// !$*UTF8*$!
{
	archiveVersion = 1;
	classes = {
	};
	objectVersion = 56;
	objects = {

/* Begin PBXBuildFile section */
		C0683BA12B9B3BC900FFAFEC /* AnimalListItemView.swift in Sources */ = {isa = PBXBuildFile; fileRef = C0683BA02B9B3BC900FFAFEC /* AnimalListItemView.swift */; };
		C0683BA32B9B412F00FFAFEC /* AnimalModel.swift in Sources */ = {isa = PBXBuildFile; fileRef = C0683BA22B9B412F00FFAFEC /* AnimalModel.swift */; };
		C09B26662B9C012700C70FC8 /* AnimalDetailView.swift in Sources */ = {isa = PBXBuildFile; fileRef = C09B26652B9C012700C70FC8 /* AnimalDetailView.swift */; };
		C09B26682B9C07D300C70FC8 /* HeadingView.swift in Sources */ = {isa = PBXBuildFile; fileRef = C09B26672B9C07D300C70FC8 /* HeadingView.swift */; };
		C09B266A2B9C0BB400C70FC8 /* InsetGalleryView.swift in Sources */ = {isa = PBXBuildFile; fileRef = C09B26692B9C0BB400C70FC8 /* InsetGalleryView.swift */; };
		C09E7D472B99613B00B2C5A8 /* AfricaApp.swift in Sources */ = {isa = PBXBuildFile; fileRef = C09E7D462B99613B00B2C5A8 /* AfricaApp.swift */; };
		C09E7D492B99613B00B2C5A8 /* ContentView.swift in Sources */ = {isa = PBXBuildFile; fileRef = C09E7D482B99613B00B2C5A8 /* ContentView.swift */; };
		C09E7D4B2B99613C00B2C5A8 /* Assets.xcassets in Resources */ = {isa = PBXBuildFile; fileRef = C09E7D4A2B99613C00B2C5A8 /* Assets.xcassets */; };
		C09E7D4E2B99613C00B2C5A8 /* Preview Assets.xcassets in Resources */ = {isa = PBXBuildFile; fileRef = C09E7D4D2B99613C00B2C5A8 /* Preview Assets.xcassets */; };
		C09E7D692B9971DA00B2C5A8 /* gorilla.mp4 in Resources */ = {isa = PBXBuildFile; fileRef = C09E7D5F2B9971D800B2C5A8 /* gorilla.mp4 */; };
		C09E7D6A2B9971DA00B2C5A8 /* giraffe.mp4 in Resources */ = {isa = PBXBuildFile; fileRef = C09E7D602B9971D900B2C5A8 /* giraffe.mp4 */; };
		C09E7D6B2B9971DA00B2C5A8 /* elephant.mp4 in Resources */ = {isa = PBXBuildFile; fileRef = C09E7D612B9971D900B2C5A8 /* elephant.mp4 */; };
		C09E7D6C2B9971DA00B2C5A8 /* rhino.mp4 in Resources */ = {isa = PBXBuildFile; fileRef = C09E7D622B9971D900B2C5A8 /* rhino.mp4 */; };
		C09E7D6D2B9971DA00B2C5A8 /* hippo.mp4 in Resources */ = {isa = PBXBuildFile; fileRef = C09E7D632B9971D900B2C5A8 /* hippo.mp4 */; };
		C09E7D6E2B9971DA00B2C5A8 /* ostrich.mp4 in Resources */ = {isa = PBXBuildFile; fileRef = C09E7D642B9971D900B2C5A8 /* ostrich.mp4 */; };
		C09E7D6F2B9971DA00B2C5A8 /* zebra.mp4 in Resources */ = {isa = PBXBuildFile; fileRef = C09E7D652B9971D900B2C5A8 /* zebra.mp4 */; };
		C09E7D702B9971DA00B2C5A8 /* lion.mp4 in Resources */ = {isa = PBXBuildFile; fileRef = C09E7D662B9971D900B2C5A8 /* lion.mp4 */; };
		C09E7D712B9971DA00B2C5A8 /* lioness.mp4 in Resources */ = {isa = PBXBuildFile; fileRef = C09E7D672B9971DA00B2C5A8 /* lioness.mp4 */; };
		C09E7D722B9971DA00B2C5A8 /* cheetah.mp4 in Resources */ = {isa = PBXBuildFile; fileRef = C09E7D682B9971DA00B2C5A8 /* cheetah.mp4 */; };
		C09E7D782B99726000B2C5A8 /* covers.json in Resources */ = {isa = PBXBuildFile; fileRef = C09E7D742B99726000B2C5A8 /* covers.json */; };
		C09E7D792B99726000B2C5A8 /* animals.json in Resources */ = {isa = PBXBuildFile; fileRef = C09E7D752B99726000B2C5A8 /* animals.json */; };
		C09E7D7A2B99726000B2C5A8 /* videos.json in Resources */ = {isa = PBXBuildFile; fileRef = C09E7D762B99726000B2C5A8 /* videos.json */; };
		C09E7D7B2B99726000B2C5A8 /* locations.json in Resources */ = {isa = PBXBuildFile; fileRef = C09E7D772B99726000B2C5A8 /* locations.json */; };
		C09E7D7F2B9976B500B2C5A8 /* VideoListView.swift in Sources */ = {isa = PBXBuildFile; fileRef = C09E7D7E2B9976B500B2C5A8 /* VideoListView.swift */; };
		C09E7D812B99778100B2C5A8 /* MapView.swift in Sources */ = {isa = PBXBuildFile; fileRef = C09E7D802B99778100B2C5A8 /* MapView.swift */; };
		C09E7D832B9977F200B2C5A8 /* GalleryView.swift in Sources */ = {isa = PBXBuildFile; fileRef = C09E7D822B9977F200B2C5A8 /* GalleryView.swift */; };
		C09E7D852B99785500B2C5A8 /* MainView.swift in Sources */ = {isa = PBXBuildFile; fileRef = C09E7D842B99785500B2C5A8 /* MainView.swift */; };
		C09E7D882B9A905900B2C5A8 /* CoverImageView.swift in Sources */ = {isa = PBXBuildFile; fileRef = C09E7D872B9A905900B2C5A8 /* CoverImageView.swift */; };
		C09E7D8B2B9A9C8200B2C5A8 /* CoverImageModel.swift in Sources */ = {isa = PBXBuildFile; fileRef = C09E7D8A2B9A9C8200B2C5A8 /* CoverImageModel.swift */; };
		C09E7D8E2B9A9F1400B2C5A8 /* CodableBundleExtension.swift in Sources */ = {isa = PBXBuildFile; fileRef = C09E7D8D2B9A9F1400B2C5A8 /* CodableBundleExtension.swift */; };
		C0AC224C2B9CD15600F3B624 /* InsetFactView.swift in Sources */ = {isa = PBXBuildFile; fileRef = C0AC224B2B9CD15600F3B624 /* InsetFactView.swift */; };
		C0AC224E2B9CD72F00F3B624 /* InsetMapView.swift in Sources */ = {isa = PBXBuildFile; fileRef = C0AC224D2B9CD72F00F3B624 /* InsetMapView.swift */; };
		C0AC22502B9CDF2800F3B624 /* ExternalWeblinkView.swift in Sources */ = {isa = PBXBuildFile; fileRef = C0AC224F2B9CDF2800F3B624 /* ExternalWeblinkView.swift */; };
		C0AC22522B9CE4BA00F3B624 /* VideoModel.swift in Sources */ = {isa = PBXBuildFile; fileRef = C0AC22512B9CE4BA00F3B624 /* VideoModel.swift */; };
		C0AC22542B9CE57900F3B624 /* VideoListItemView.swift in Sources */ = {isa = PBXBuildFile; fileRef = C0AC22532B9CE57900F3B624 /* VideoListItemView.swift */; };
		C0AC22562B9CF59900F3B624 /* VideoPlayerView.swift in Sources */ = {isa = PBXBuildFile; fileRef = C0AC22552B9CF59900F3B624 /* VideoPlayerView.swift */; };
		C0AC22592B9CF85200F3B624 /* VideoPlayerHelper.swift in Sources */ = {isa = PBXBuildFile; fileRef = C0AC22582B9CF85200F3B624 /* VideoPlayerHelper.swift */; };
/* End PBXBuildFile section */

/* Begin PBXFileReference section */
		C0683BA02B9B3BC900FFAFEC /* AnimalListItemView.swift */ = {isa = PBXFileReference; lastKnownFileType = sourcecode.swift; path = AnimalListItemView.swift; sourceTree = "<group>"; };
		C0683BA22B9B412F00FFAFEC /* AnimalModel.swift */ = {isa = PBXFileReference; lastKnownFileType = sourcecode.swift; path = AnimalModel.swift; sourceTree = "<group>"; };
		C09B26652B9C012700C70FC8 /* AnimalDetailView.swift */ = {isa = PBXFileReference; lastKnownFileType = sourcecode.swift; path = AnimalDetailView.swift; sourceTree = "<group>"; };
		C09B26672B9C07D300C70FC8 /* HeadingView.swift */ = {isa = PBXFileReference; lastKnownFileType = sourcecode.swift; path = HeadingView.swift; sourceTree = "<group>"; };
		C09B26692B9C0BB400C70FC8 /* InsetGalleryView.swift */ = {isa = PBXFileReference; lastKnownFileType = sourcecode.swift; path = InsetGalleryView.swift; sourceTree = "<group>"; };
		C09E7D432B99613B00B2C5A8 /* Africa.app */ = {isa = PBXFileReference; explicitFileType = wrapper.application; includeInIndex = 0; path = Africa.app; sourceTree = BUILT_PRODUCTS_DIR; };
		C09E7D462B99613B00B2C5A8 /* AfricaApp.swift */ = {isa = PBXFileReference; lastKnownFileType = sourcecode.swift; path = AfricaApp.swift; sourceTree = "<group>"; };
		C09E7D482B99613B00B2C5A8 /* ContentView.swift */ = {isa = PBXFileReference; lastKnownFileType = sourcecode.swift; path = ContentView.swift; sourceTree = "<group>"; };
		C09E7D4A2B99613C00B2C5A8 /* Assets.xcassets */ = {isa = PBXFileReference; lastKnownFileType = folder.assetcatalog; path = Assets.xcassets; sourceTree = "<group>"; };
		C09E7D4D2B99613C00B2C5A8 /* Preview Assets.xcassets */ = {isa = PBXFileReference; lastKnownFileType = folder.assetcatalog; path = "Preview Assets.xcassets"; sourceTree = "<group>"; };
		C09E7D5F2B9971D800B2C5A8 /* gorilla.mp4 */ = {isa = PBXFileReference; lastKnownFileType = file; path = gorilla.mp4; sourceTree = "<group>"; };
		C09E7D602B9971D900B2C5A8 /* giraffe.mp4 */ = {isa = PBXFileReference; lastKnownFileType = file; path = giraffe.mp4; sourceTree = "<group>"; };
		C09E7D612B9971D900B2C5A8 /* elephant.mp4 */ = {isa = PBXFileReference; lastKnownFileType = file; path = elephant.mp4; sourceTree = "<group>"; };
		C09E7D622B9971D900B2C5A8 /* rhino.mp4 */ = {isa = PBXFileReference; lastKnownFileType = file; path = rhino.mp4; sourceTree = "<group>"; };
		C09E7D632B9971D900B2C5A8 /* hippo.mp4 */ = {isa = PBXFileReference; lastKnownFileType = file; path = hippo.mp4; sourceTree = "<group>"; };
		C09E7D642B9971D900B2C5A8 /* ostrich.mp4 */ = {isa = PBXFileReference; lastKnownFileType = file; path = ostrich.mp4; sourceTree = "<group>"; };
		C09E7D652B9971D900B2C5A8 /* zebra.mp4 */ = {isa = PBXFileReference; lastKnownFileType = file; path = zebra.mp4; sourceTree = "<group>"; };
		C09E7D662B9971D900B2C5A8 /* lion.mp4 */ = {isa = PBXFileReference; lastKnownFileType = file; path = lion.mp4; sourceTree = "<group>"; };
		C09E7D672B9971DA00B2C5A8 /* lioness.mp4 */ = {isa = PBXFileReference; lastKnownFileType = file; path = lioness.mp4; sourceTree = "<group>"; };
		C09E7D682B9971DA00B2C5A8 /* cheetah.mp4 */ = {isa = PBXFileReference; lastKnownFileType = file; path = cheetah.mp4; sourceTree = "<group>"; };
		C09E7D742B99726000B2C5A8 /* covers.json */ = {isa = PBXFileReference; fileEncoding = 4; lastKnownFileType = text.json; path = covers.json; sourceTree = "<group>"; };
		C09E7D752B99726000B2C5A8 /* animals.json */ = {isa = PBXFileReference; fileEncoding = 4; lastKnownFileType = text.json; path = animals.json; sourceTree = "<group>"; };
		C09E7D762B99726000B2C5A8 /* videos.json */ = {isa = PBXFileReference; fileEncoding = 4; lastKnownFileType = text.json; path = videos.json; sourceTree = "<group>"; };
		C09E7D772B99726000B2C5A8 /* locations.json */ = {isa = PBXFileReference; fileEncoding = 4; lastKnownFileType = text.json; path = locations.json; sourceTree = "<group>"; };
		C09E7D7C2B99744300B2C5A8 /* Info.plist */ = {isa = PBXFileReference; lastKnownFileType = text.plist; path = Info.plist; sourceTree = "<group>"; };
		C09E7D7E2B9976B500B2C5A8 /* VideoListView.swift */ = {isa = PBXFileReference; lastKnownFileType = sourcecode.swift; path = VideoListView.swift; sourceTree = "<group>"; };
		C09E7D802B99778100B2C5A8 /* MapView.swift */ = {isa = PBXFileReference; lastKnownFileType = sourcecode.swift; path = MapView.swift; sourceTree = "<group>"; };
		C09E7D822B9977F200B2C5A8 /* GalleryView.swift */ = {isa = PBXFileReference; lastKnownFileType = sourcecode.swift; path = GalleryView.swift; sourceTree = "<group>"; };
		C09E7D842B99785500B2C5A8 /* MainView.swift */ = {isa = PBXFileReference; lastKnownFileType = sourcecode.swift; path = MainView.swift; sourceTree = "<group>"; };
		C09E7D872B9A905900B2C5A8 /* CoverImageView.swift */ = {isa = PBXFileReference; lastKnownFileType = sourcecode.swift; path = CoverImageView.swift; sourceTree = "<group>"; };
		C09E7D8A2B9A9C8200B2C5A8 /* CoverImageModel.swift */ = {isa = PBXFileReference; lastKnownFileType = sourcecode.swift; path = CoverImageModel.swift; sourceTree = "<group>"; };
		C09E7D8D2B9A9F1400B2C5A8 /* CodableBundleExtension.swift */ = {isa = PBXFileReference; lastKnownFileType = sourcecode.swift; path = CodableBundleExtension.swift; sourceTree = "<group>"; };
		C0AC224B2B9CD15600F3B624 /* InsetFactView.swift */ = {isa = PBXFileReference; lastKnownFileType = sourcecode.swift; path = InsetFactView.swift; sourceTree = "<group>"; };
		C0AC224D2B9CD72F00F3B624 /* InsetMapView.swift */ = {isa = PBXFileReference; lastKnownFileType = sourcecode.swift; path = InsetMapView.swift; sourceTree = "<group>"; };
		C0AC224F2B9CDF2800F3B624 /* ExternalWeblinkView.swift */ = {isa = PBXFileReference; lastKnownFileType = sourcecode.swift; path = ExternalWeblinkView.swift; sourceTree = "<group>"; };
		C0AC22512B9CE4BA00F3B624 /* VideoModel.swift */ = {isa = PBXFileReference; lastKnownFileType = sourcecode.swift; path = VideoModel.swift; sourceTree = "<group>"; };
		C0AC22532B9CE57900F3B624 /* VideoListItemView.swift */ = {isa = PBXFileReference; lastKnownFileType = sourcecode.swift; path = VideoListItemView.swift; sourceTree = "<group>"; };
		C0AC22552B9CF59900F3B624 /* VideoPlayerView.swift */ = {isa = PBXFileReference; lastKnownFileType = sourcecode.swift; path = VideoPlayerView.swift; sourceTree = "<group>"; };
		C0AC22582B9CF85200F3B624 /* VideoPlayerHelper.swift */ = {isa = PBXFileReference; lastKnownFileType = sourcecode.swift; path = VideoPlayerHelper.swift; sourceTree = "<group>"; };
/* End PBXFileReference section */

/* Begin PBXFrameworksBuildPhase section */
		C09E7D402B99613B00B2C5A8 /* Frameworks */ = {
			isa = PBXFrameworksBuildPhase;
			buildActionMask = 2147483647;
			files = (
			);
			runOnlyForDeploymentPostprocessing = 0;
		};
/* End PBXFrameworksBuildPhase section */

/* Begin PBXGroup section */
		C09E7D3A2B99613B00B2C5A8 = {
			isa = PBXGroup;
			children = (
				C09E7D452B99613B00B2C5A8 /* Africa */,
				C09E7D442B99613B00B2C5A8 /* Products */,
			);
			sourceTree = "<group>";
		};
		C09E7D442B99613B00B2C5A8 /* Products */ = {
			isa = PBXGroup;
			children = (
				C09E7D432B99613B00B2C5A8 /* Africa.app */,
			);
			name = Products;
			sourceTree = "<group>";
		};
		C09E7D452B99613B00B2C5A8 /* Africa */ = {
			isa = PBXGroup;
			children = (
				C0AC22572B9CF82E00F3B624 /* Helper */,
				C09E7D8C2B9A9EBA00B2C5A8 /* Extension */,
				C09E7D892B9A9C4500B2C5A8 /* Model */,
				C09E7D862B9A901A00B2C5A8 /* View */,
				C09E7D7C2B99744300B2C5A8 /* Info.plist */,
				C09E7D732B99722600B2C5A8 /* Data */,
				C09E7D542B99716300B2C5A8 /* Video */,
				C09E7D7D2B9975F300B2C5A8 /* App */,
				C09E7D4A2B99613C00B2C5A8 /* Assets.xcassets */,
				C09E7D4C2B99613C00B2C5A8 /* Preview Content */,
			);
			path = Africa;
			sourceTree = "<group>";
		};
		C09E7D4C2B99613C00B2C5A8 /* Preview Content */ = {
			isa = PBXGroup;
			children = (
				C09E7D4D2B99613C00B2C5A8 /* Preview Assets.xcassets */,
			);
			path = "Preview Content";
			sourceTree = "<group>";
		};
		C09E7D542B99716300B2C5A8 /* Video */ = {
			isa = PBXGroup;
			children = (
				C09E7D682B9971DA00B2C5A8 /* cheetah.mp4 */,
				C09E7D612B9971D900B2C5A8 /* elephant.mp4 */,
				C09E7D602B9971D900B2C5A8 /* giraffe.mp4 */,
				C09E7D5F2B9971D800B2C5A8 /* gorilla.mp4 */,
				C09E7D632B9971D900B2C5A8 /* hippo.mp4 */,
				C09E7D662B9971D900B2C5A8 /* lion.mp4 */,
				C09E7D672B9971DA00B2C5A8 /* lioness.mp4 */,
				C09E7D642B9971D900B2C5A8 /* ostrich.mp4 */,
				C09E7D622B9971D900B2C5A8 /* rhino.mp4 */,
				C09E7D652B9971D900B2C5A8 /* zebra.mp4 */,
			);
			path = Video;
			sourceTree = "<group>";
		};
		C09E7D732B99722600B2C5A8 /* Data */ = {
			isa = PBXGroup;
			children = (
				C09E7D752B99726000B2C5A8 /* animals.json */,
				C09E7D742B99726000B2C5A8 /* covers.json */,
				C09E7D772B99726000B2C5A8 /* locations.json */,
				C09E7D762B99726000B2C5A8 /* videos.json */,
			);
			path = Data;
			sourceTree = "<group>";
		};
		C09E7D7D2B9975F300B2C5A8 /* App */ = {
			isa = PBXGroup;
			children = (
				C09E7D462B99613B00B2C5A8 /* AfricaApp.swift */,
				C09E7D482B99613B00B2C5A8 /* ContentView.swift */,
				C09E7D7E2B9976B500B2C5A8 /* VideoListView.swift */,
				C09E7D802B99778100B2C5A8 /* MapView.swift */,
				C09E7D822B9977F200B2C5A8 /* GalleryView.swift */,
				C09E7D842B99785500B2C5A8 /* MainView.swift */,
			);
			path = App;
			sourceTree = "<group>";
		};
		C09E7D862B9A901A00B2C5A8 /* View */ = {
			isa = PBXGroup;
			children = (
				C09E7D872B9A905900B2C5A8 /* CoverImageView.swift */,
				C0683BA02B9B3BC900FFAFEC /* AnimalListItemView.swift */,
				C09B26652B9C012700C70FC8 /* AnimalDetailView.swift */,
				C09B26672B9C07D300C70FC8 /* HeadingView.swift */,
				C09B26692B9C0BB400C70FC8 /* InsetGalleryView.swift */,
				C0AC224B2B9CD15600F3B624 /* InsetFactView.swift */,
				C0AC224D2B9CD72F00F3B624 /* InsetMapView.swift */,
				C0AC224F2B9CDF2800F3B624 /* ExternalWeblinkView.swift */,
				C0AC22532B9CE57900F3B624 /* VideoListItemView.swift */,
				C0AC22552B9CF59900F3B624 /* VideoPlayerView.swift */,
			);
			path = View;
			sourceTree = "<group>";
		};
		C09E7D892B9A9C4500B2C5A8 /* Model */ = {
			isa = PBXGroup;
			children = (
				C09E7D8A2B9A9C8200B2C5A8 /* CoverImageModel.swift */,
				C0683BA22B9B412F00FFAFEC /* AnimalModel.swift */,
				C0AC22512B9CE4BA00F3B624 /* VideoModel.swift */,
			);
			path = Model;
			sourceTree = "<group>";
		};
		C09E7D8C2B9A9EBA00B2C5A8 /* Extension */ = {
			isa = PBXGroup;
			children = (
				C09E7D8D2B9A9F1400B2C5A8 /* CodableBundleExtension.swift */,
			);
			path = Extension;
			sourceTree = "<group>";
		};
		C0AC22572B9CF82E00F3B624 /* Helper */ = {
			isa = PBXGroup;
			children = (
				C0AC22582B9CF85200F3B624 /* VideoPlayerHelper.swift */,
			);
			path = Helper;
			sourceTree = "<group>";
		};
/* End PBXGroup section */

/* Begin PBXNativeTarget section */
		C09E7D422B99613B00B2C5A8 /* Africa */ = {
			isa = PBXNativeTarget;
			buildConfigurationList = C09E7D512B99613C00B2C5A8 /* Build configuration list for PBXNativeTarget "Africa" */;
			buildPhases = (
				C09E7D3F2B99613B00B2C5A8 /* Sources */,
				C09E7D402B99613B00B2C5A8 /* Frameworks */,
				C09E7D412B99613B00B2C5A8 /* Resources */,
			);
			buildRules = (
			);
			dependencies = (
			);
			name = Africa;
			productName = Africa;
			productReference = C09E7D432B99613B00B2C5A8 /* Africa.app */;
			productType = "com.apple.product-type.application";
		};
/* End PBXNativeTarget section */

/* Begin PBXProject section */
		C09E7D3B2B99613B00B2C5A8 /* Project object */ = {
			isa = PBXProject;
			attributes = {
				BuildIndependentTargetsInParallel = 1;
				LastSwiftUpdateCheck = 1520;
				LastUpgradeCheck = 1520;
				TargetAttributes = {
					C09E7D422B99613B00B2C5A8 = {
						CreatedOnToolsVersion = 15.2;
					};
				};
			};
			buildConfigurationList = C09E7D3E2B99613B00B2C5A8 /* Build configuration list for PBXProject "Africa" */;
			compatibilityVersion = "Xcode 14.0";
			developmentRegion = en;
			hasScannedForEncodings = 0;
			knownRegions = (
				en,
				Base,
			);
			mainGroup = C09E7D3A2B99613B00B2C5A8;
			productRefGroup = C09E7D442B99613B00B2C5A8 /* Products */;
			projectDirPath = "";
			projectRoot = "";
			targets = (
				C09E7D422B99613B00B2C5A8 /* Africa */,
			);
		};
/* End PBXProject section */

/* Begin PBXResourcesBuildPhase section */
		C09E7D412B99613B00B2C5A8 /* Resources */ = {
			isa = PBXResourcesBuildPhase;
			buildActionMask = 2147483647;
			files = (
				C09E7D782B99726000B2C5A8 /* covers.json in Resources */,
				C09E7D6C2B9971DA00B2C5A8 /* rhino.mp4 in Resources */,
				C09E7D7B2B99726000B2C5A8 /* locations.json in Resources */,
				C09E7D7A2B99726000B2C5A8 /* videos.json in Resources */,
				C09E7D712B9971DA00B2C5A8 /* lioness.mp4 in Resources */,
				C09E7D4E2B99613C00B2C5A8 /* Preview Assets.xcassets in Resources */,
				C09E7D6D2B9971DA00B2C5A8 /* hippo.mp4 in Resources */,
				C09E7D702B9971DA00B2C5A8 /* lion.mp4 in Resources */,
				C09E7D692B9971DA00B2C5A8 /* gorilla.mp4 in Resources */,
				C09E7D792B99726000B2C5A8 /* animals.json in Resources */,
				C09E7D6A2B9971DA00B2C5A8 /* giraffe.mp4 in Resources */,
				C09E7D6B2B9971DA00B2C5A8 /* elephant.mp4 in Resources */,
				C09E7D722B9971DA00B2C5A8 /* cheetah.mp4 in Resources */,
				C09E7D6E2B9971DA00B2C5A8 /* ostrich.mp4 in Resources */,
				C09E7D6F2B9971DA00B2C5A8 /* zebra.mp4 in Resources */,
				C09E7D4B2B99613C00B2C5A8 /* Assets.xcassets in Resources */,
			);
			runOnlyForDeploymentPostprocessing = 0;
		};
/* End PBXResourcesBuildPhase section */

/* Begin PBXSourcesBuildPhase section */
		C09E7D3F2B99613B00B2C5A8 /* Sources */ = {
			isa = PBXSourcesBuildPhase;
			buildActionMask = 2147483647;
			files = (
				C0AC22502B9CDF2800F3B624 /* ExternalWeblinkView.swift in Sources */,
				C09E7D492B99613B00B2C5A8 /* ContentView.swift in Sources */,
				C0683BA12B9B3BC900FFAFEC /* AnimalListItemView.swift in Sources */,
				C09E7D852B99785500B2C5A8 /* MainView.swift in Sources */,
				C0AC224C2B9CD15600F3B624 /* InsetFactView.swift in Sources */,
				C09E7D882B9A905900B2C5A8 /* CoverImageView.swift in Sources */,
				C09E7D8B2B9A9C8200B2C5A8 /* CoverImageModel.swift in Sources */,
				C09B26662B9C012700C70FC8 /* AnimalDetailView.swift in Sources */,
				C0683BA32B9B412F00FFAFEC /* AnimalModel.swift in Sources */,
				C09E7D812B99778100B2C5A8 /* MapView.swift in Sources */,
				C0AC22592B9CF85200F3B624 /* VideoPlayerHelper.swift in Sources */,
				C0AC224E2B9CD72F00F3B624 /* InsetMapView.swift in Sources */,
				C09E7D472B99613B00B2C5A8 /* AfricaApp.swift in Sources */,
				C09E7D7F2B9976B500B2C5A8 /* VideoListView.swift in Sources */,
				C0AC22522B9CE4BA00F3B624 /* VideoModel.swift in Sources */,
				C09E7D832B9977F200B2C5A8 /* GalleryView.swift in Sources */,
				C09B266A2B9C0BB400C70FC8 /* InsetGalleryView.swift in Sources */,
				C0AC22542B9CE57900F3B624 /* VideoListItemView.swift in Sources */,
				C09E7D8E2B9A9F1400B2C5A8 /* CodableBundleExtension.swift in Sources */,
				C09B26682B9C07D300C70FC8 /* HeadingView.swift in Sources */,
				C0AC22562B9CF59900F3B624 /* VideoPlayerView.swift in Sources */,
			);
			runOnlyForDeploymentPostprocessing = 0;
		};
/* End PBXSourcesBuildPhase section */

/* Begin XCBuildConfiguration section */
		C09E7D4F2B99613C00B2C5A8 /* Debug */ = {
			isa = XCBuildConfiguration;
			buildSettings = {
				ALWAYS_SEARCH_USER_PATHS = NO;
				ASSETCATALOG_COMPILER_GENERATE_SWIFT_ASSET_SYMBOL_EXTENSIONS = YES;
				CLANG_ANALYZER_NONNULL = YES;
				CLANG_ANALYZER_NUMBER_OBJECT_CONVERSION = YES_AGGRESSIVE;
				CLANG_CXX_LANGUAGE_STANDARD = "gnu++20";
				CLANG_ENABLE_MODULES = YES;
				CLANG_ENABLE_OBJC_ARC = YES;
				CLANG_ENABLE_OBJC_WEAK = YES;
				CLANG_WARN_BLOCK_CAPTURE_AUTORELEASING = YES;
				CLANG_WARN_BOOL_CONVERSION = YES;
				CLANG_WARN_COMMA = YES;
				CLANG_WARN_CONSTANT_CONVERSION = YES;
				CLANG_WARN_DEPRECATED_OBJC_IMPLEMENTATIONS = YES;
				CLANG_WARN_DIRECT_OBJC_ISA_USAGE = YES_ERROR;
				CLANG_WARN_DOCUMENTATION_COMMENTS = YES;
				CLANG_WARN_EMPTY_BODY = YES;
				CLANG_WARN_ENUM_CONVERSION = YES;
				CLANG_WARN_INFINITE_RECURSION = YES;
				CLANG_WARN_INT_CONVERSION = YES;
				CLANG_WARN_NON_LITERAL_NULL_CONVERSION = YES;
				CLANG_WARN_OBJC_IMPLICIT_RETAIN_SELF = YES;
				CLANG_WARN_OBJC_LITERAL_CONVERSION = YES;
				CLANG_WARN_OBJC_ROOT_CLASS = YES_ERROR;
				CLANG_WARN_QUOTED_INCLUDE_IN_FRAMEWORK_HEADER = YES;
				CLANG_WARN_RANGE_LOOP_ANALYSIS = YES;
				CLANG_WARN_STRICT_PROTOTYPES = YES;
				CLANG_WARN_SUSPICIOUS_MOVE = YES;
				CLANG_WARN_UNGUARDED_AVAILABILITY = YES_AGGRESSIVE;
				CLANG_WARN_UNREACHABLE_CODE = YES;
				CLANG_WARN__DUPLICATE_METHOD_MATCH = YES;
				COPY_PHASE_STRIP = NO;
				DEBUG_INFORMATION_FORMAT = dwarf;
				ENABLE_STRICT_OBJC_MSGSEND = YES;
				ENABLE_TESTABILITY = YES;
				ENABLE_USER_SCRIPT_SANDBOXING = YES;
				GCC_C_LANGUAGE_STANDARD = gnu17;
				GCC_DYNAMIC_NO_PIC = NO;
				GCC_NO_COMMON_BLOCKS = YES;
				GCC_OPTIMIZATION_LEVEL = 0;
				GCC_PREPROCESSOR_DEFINITIONS = (
					"DEBUG=1",
					"$(inherited)",
				);
				GCC_WARN_64_TO_32_BIT_CONVERSION = YES;
				GCC_WARN_ABOUT_RETURN_TYPE = YES_ERROR;
				GCC_WARN_UNDECLARED_SELECTOR = YES;
				GCC_WARN_UNINITIALIZED_AUTOS = YES_AGGRESSIVE;
				GCC_WARN_UNUSED_FUNCTION = YES;
				GCC_WARN_UNUSED_VARIABLE = YES;
				IPHONEOS_DEPLOYMENT_TARGET = 17.2;
				LOCALIZATION_PREFERS_STRING_CATALOGS = YES;
				MTL_ENABLE_DEBUG_INFO = INCLUDE_SOURCE;
				MTL_FAST_MATH = YES;
				ONLY_ACTIVE_ARCH = YES;
				SDKROOT = iphoneos;
				SWIFT_ACTIVE_COMPILATION_CONDITIONS = "DEBUG $(inherited)";
				SWIFT_OPTIMIZATION_LEVEL = "-Onone";
			};
			name = Debug;
		};
		C09E7D502B99613C00B2C5A8 /* Release */ = {
			isa = XCBuildConfiguration;
			buildSettings = {
				ALWAYS_SEARCH_USER_PATHS = NO;
				ASSETCATALOG_COMPILER_GENERATE_SWIFT_ASSET_SYMBOL_EXTENSIONS = YES;
				CLANG_ANALYZER_NONNULL = YES;
				CLANG_ANALYZER_NUMBER_OBJECT_CONVERSION = YES_AGGRESSIVE;
				CLANG_CXX_LANGUAGE_STANDARD = "gnu++20";
				CLANG_ENABLE_MODULES = YES;
				CLANG_ENABLE_OBJC_ARC = YES;
				CLANG_ENABLE_OBJC_WEAK = YES;
				CLANG_WARN_BLOCK_CAPTURE_AUTORELEASING = YES;
				CLANG_WARN_BOOL_CONVERSION = YES;
				CLANG_WARN_COMMA = YES;
				CLANG_WARN_CONSTANT_CONVERSION = YES;
				CLANG_WARN_DEPRECATED_OBJC_IMPLEMENTATIONS = YES;
				CLANG_WARN_DIRECT_OBJC_ISA_USAGE = YES_ERROR;
				CLANG_WARN_DOCUMENTATION_COMMENTS = YES;
				CLANG_WARN_EMPTY_BODY = YES;
				CLANG_WARN_ENUM_CONVERSION = YES;
				CLANG_WARN_INFINITE_RECURSION = YES;
				CLANG_WARN_INT_CONVERSION = YES;
				CLANG_WARN_NON_LITERAL_NULL_CONVERSION = YES;
				CLANG_WARN_OBJC_IMPLICIT_RETAIN_SELF = YES;
				CLANG_WARN_OBJC_LITERAL_CONVERSION = YES;
				CLANG_WARN_OBJC_ROOT_CLASS = YES_ERROR;
				CLANG_WARN_QUOTED_INCLUDE_IN_FRAMEWORK_HEADER = YES;
				CLANG_WARN_RANGE_LOOP_ANALYSIS = YES;
				CLANG_WARN_STRICT_PROTOTYPES = YES;
				CLANG_WARN_SUSPICIOUS_MOVE = YES;
				CLANG_WARN_UNGUARDED_AVAILABILITY = YES_AGGRESSIVE;
				CLANG_WARN_UNREACHABLE_CODE = YES;
				CLANG_WARN__DUPLICATE_METHOD_MATCH = YES;
				COPY_PHASE_STRIP = NO;
				DEBUG_INFORMATION_FORMAT = "dwarf-with-dsym";
				ENABLE_NS_ASSERTIONS = NO;
				ENABLE_STRICT_OBJC_MSGSEND = YES;
				ENABLE_USER_SCRIPT_SANDBOXING = YES;
				GCC_C_LANGUAGE_STANDARD = gnu17;
				GCC_NO_COMMON_BLOCKS = YES;
				GCC_WARN_64_TO_32_BIT_CONVERSION = YES;
				GCC_WARN_ABOUT_RETURN_TYPE = YES_ERROR;
				GCC_WARN_UNDECLARED_SELECTOR = YES;
				GCC_WARN_UNINITIALIZED_AUTOS = YES_AGGRESSIVE;
				GCC_WARN_UNUSED_FUNCTION = YES;
				GCC_WARN_UNUSED_VARIABLE = YES;
				IPHONEOS_DEPLOYMENT_TARGET = 17.2;
				LOCALIZATION_PREFERS_STRING_CATALOGS = YES;
				MTL_ENABLE_DEBUG_INFO = NO;
				MTL_FAST_MATH = YES;
				SDKROOT = iphoneos;
				SWIFT_COMPILATION_MODE = wholemodule;
				VALIDATE_PRODUCT = YES;
			};
			name = Release;
		};
		C09E7D522B99613C00B2C5A8 /* Debug */ = {
			isa = XCBuildConfiguration;
			buildSettings = {
				ASSETCATALOG_COMPILER_APPICON_NAME = AppIcon;
				ASSETCATALOG_COMPILER_GLOBAL_ACCENT_COLOR_NAME = AccentColor;
				CODE_SIGN_STYLE = Automatic;
				CURRENT_PROJECT_VERSION = 1;
				DEVELOPMENT_ASSET_PATHS = "\"Africa/Preview Content\"";
				DEVELOPMENT_TEAM = UHCN8F9756;
				ENABLE_PREVIEWS = YES;
				GENERATE_INFOPLIST_FILE = YES;
				INFOPLIST_FILE = Africa/Info.plist;
				INFOPLIST_KEY_CFBundleDisplayName = "";
				INFOPLIST_KEY_LSApplicationCategoryType = "";
				INFOPLIST_KEY_UIApplicationSceneManifest_Generation = YES;
				INFOPLIST_KEY_UIApplicationSupportsIndirectInputEvents = YES;
				INFOPLIST_KEY_UISupportedInterfaceOrientations_iPad = "UIInterfaceOrientationPortrait UIInterfaceOrientationPortraitUpsideDown UIInterfaceOrientationLandscapeLeft UIInterfaceOrientationLandscapeRight";
				INFOPLIST_KEY_UISupportedInterfaceOrientations_iPhone = "UIInterfaceOrientationPortrait UIInterfaceOrientationLandscapeLeft UIInterfaceOrientationLandscapeRight";
				INFOPLIST_KEY_UIUserInterfaceStyle = Dark;
				LD_RUNPATH_SEARCH_PATHS = (
					"$(inherited)",
					"@executable_path/Frameworks",
				);
				MARKETING_VERSION = 1.0;
				PRODUCT_BUNDLE_IDENTIFIER = com.eymard.chad.Africa;
				PRODUCT_NAME = "$(TARGET_NAME)";
				SWIFT_EMIT_LOC_STRINGS = YES;
				SWIFT_VERSION = 5.0;
				TARGETED_DEVICE_FAMILY = "1,2";
			};
			name = Debug;
		};
		C09E7D532B99613C00B2C5A8 /* Release */ = {
			isa = XCBuildConfiguration;
			buildSettings = {
				ASSETCATALOG_COMPILER_APPICON_NAME = AppIcon;
				ASSETCATALOG_COMPILER_GLOBAL_ACCENT_COLOR_NAME = AccentColor;
				CODE_SIGN_STYLE = Automatic;
				CURRENT_PROJECT_VERSION = 1;
				DEVELOPMENT_ASSET_PATHS = "\"Africa/Preview Content\"";
				DEVELOPMENT_TEAM = UHCN8F9756;
				ENABLE_PREVIEWS = YES;
				GENERATE_INFOPLIST_FILE = YES;
				INFOPLIST_FILE = Africa/Info.plist;
				INFOPLIST_KEY_CFBundleDisplayName = "";
				INFOPLIST_KEY_LSApplicationCategoryType = "";
				INFOPLIST_KEY_UIApplicationSceneManifest_Generation = YES;
				INFOPLIST_KEY_UIApplicationSupportsIndirectInputEvents = YES;
				INFOPLIST_KEY_UISupportedInterfaceOrientations_iPad = "UIInterfaceOrientationPortrait UIInterfaceOrientationPortraitUpsideDown UIInterfaceOrientationLandscapeLeft UIInterfaceOrientationLandscapeRight";
				INFOPLIST_KEY_UISupportedInterfaceOrientations_iPhone = "UIInterfaceOrientationPortrait UIInterfaceOrientationLandscapeLeft UIInterfaceOrientationLandscapeRight";
				INFOPLIST_KEY_UIUserInterfaceStyle = Dark;
				LD_RUNPATH_SEARCH_PATHS = (
					"$(inherited)",
					"@executable_path/Frameworks",
				);
				MARKETING_VERSION = 1.0;
				PRODUCT_BUNDLE_IDENTIFIER = com.eymard.chad.Africa;
				PRODUCT_NAME = "$(TARGET_NAME)";
				SWIFT_EMIT_LOC_STRINGS = YES;
				SWIFT_VERSION = 5.0;
				TARGETED_DEVICE_FAMILY = "1,2";
			};
			name = Release;
		};
/* End XCBuildConfiguration section */

/* Begin XCConfigurationList section */
		C09E7D3E2B99613B00B2C5A8 /* Build configuration list for PBXProject "Africa" */ = {
			isa = XCConfigurationList;
			buildConfigurations = (
				C09E7D4F2B99613C00B2C5A8 /* Debug */,
				C09E7D502B99613C00B2C5A8 /* Release */,
			);
			defaultConfigurationIsVisible = 0;
			defaultConfigurationName = Release;
		};
		C09E7D512B99613C00B2C5A8 /* Build configuration list for PBXNativeTarget "Africa" */ = {
			isa = XCConfigurationList;
			buildConfigurations = (
				C09E7D522B99613C00B2C5A8 /* Debug */,
				C09E7D532B99613C00B2C5A8 /* Release */,
			);
			defaultConfigurationIsVisible = 0;
			defaultConfigurationName = Release;
		};
/* End XCConfigurationList section */
	};
	rootObject = C09E7D3B2B99613B00B2C5A8 /* Project object */;
}
